
Microsoft Visual Studio Solution File, Format Version 12.00
# Visual Studio Version 16
VisualStudioVersion = 16.0.29709.97
MinimumVisualStudioVersion = 10.0.40219.1
Project("{FAE04EC0-301F-11D3-BF4B-00C04F79EFBC}") = "CsharpPractice", "CsharpPractice\CsharpPractice.csproj", "{FDF6FE66-65BF-4F61-8160-3E97288CB2D7}"
EndProject
Global
	GlobalSection(SolutionConfigurationPlatforms) = preSolution
		Debug|Any CPU = Debug|Any CPU
		Release|Any CPU = Release|Any CPU
	EndGlobalSection
	GlobalSection(ProjectConfigurationPlatforms) = postSolution
		{FDF6FE66-65BF-4F61-8160-3E97288CB2D7}.Debug|Any CPU.ActiveCfg = Debug|Any CPU
		{FDF6FE66-65BF-4F61-8160-3E97288CB2D7}.Debug|Any CPU.Build.0 = Debug|Any CPU
		{FDF6FE66-65BF-4F61-8160-3E97288CB2D7}.Release|Any CPU.ActiveCfg = Release|Any CPU
		{FDF6FE66-65BF-4F61-8160-3E97288CB2D7}.Release|Any CPU.Build.0 = Release|Any CPU
	EndGlobalSection
	GlobalSection(SolutionProperties) = preSolution
		HideSolutionNode = FALSE
	EndGlobalSection
	GlobalSection(ExtensibilityGlobals) = postSolution
		SolutionGuid = {BE7305B5-C5BC-4F4D-92C8-4BE4FA56CBEC}
	EndGlobalSection
EndGlobal
